
Microsoft Visual Studio Solution File, Format Version 12.00
# Visual Studio Version 16
VisualStudioVersion = 16.0.29519.181
MinimumVisualStudioVersion = 10.0.40219.1
Project("{9A19103F-16F7-4668-BE54-9A1E7A4F7556}") = "Tasks", "Tasks\Tasks.csproj", "{8FE34629-13AC-4A98-AAA6-DE10F7EE4420}"
EndProject
Project("{9A19103F-16F7-4668-BE54-9A1E7A4F7556}") = "TasksUI", "TasksUI\TasksUI.csproj", "{326456E7-0072-48E6-8E5A-28B14106DE3F}"
EndProject
Global
	GlobalSection(SolutionConfigurationPlatforms) = preSolution
		Debug|Any CPU = Debug|Any CPU
		Release|Any CPU = Release|Any CPU
	EndGlobalSection
	GlobalSection(ProjectConfigurationPlatforms) = postSolution
		{8FE34629-13AC-4A98-AAA6-DE10F7EE4420}.Debug|Any CPU.ActiveCfg = Debug|Any CPU
		{8FE34629-13AC-4A98-AAA6-DE10F7EE4420}.Debug|Any CPU.Build.0 = Debug|Any CPU
		{8FE34629-13AC-4A98-AAA6-DE10F7EE4420}.Release|Any CPU.ActiveCfg = Release|Any CPU
		{8FE34629-13AC-4A98-AAA6-DE10F7EE4420}.Release|Any CPU.Build.0 = Release|Any CPU
		{326456E7-0072-48E6-8E5A-28B14106DE3F}.Debug|Any CPU.ActiveCfg = Debug|Any CPU
		{326456E7-0072-48E6-8E5A-28B14106DE3F}.Debug|Any CPU.Build.0 = Debug|Any CPU
		{326456E7-0072-48E6-8E5A-28B14106DE3F}.Release|Any CPU.ActiveCfg = Release|Any CPU
		{326456E7-0072-48E6-8E5A-28B14106DE3F}.Release|Any CPU.Build.0 = Release|Any CPU
	EndGlobalSection
	GlobalSection(SolutionProperties) = preSolution
		HideSolutionNode = FALSE
	EndGlobalSection
	GlobalSection(ExtensibilityGlobals) = postSolution
		SolutionGuid = {6EACC2E3-55C3-4712-9D1F-A06048ED2AB9}
	EndGlobalSection
EndGlobal
